// !$*UTF8*$!
{
	archiveVersion = 1;
	classes = {
	};
	objectVersion = 46;
	objects = {

/* Begin PBXBuildFile section */
		63E4D7911B1EF10A009912B1 /* AppDelegate.swift in Sources */ = {isa = PBXBuildFile; fileRef = 63E4D7901B1EF10A009912B1 /* AppDelegate.swift */; };
		63E4D7931B1EF10A009912B1 /* ViewController.swift in Sources */ = {isa = PBXBuildFile; fileRef = 63E4D7921B1EF10A009912B1 /* ViewController.swift */; };
		63E4D7951B1EF10A009912B1 /* Images.xcassets in Resources */ = {isa = PBXBuildFile; fileRef = 63E4D7941B1EF10A009912B1 /* Images.xcassets */; };
		63E4D7981B1EF10A009912B1 /* Main.storyboard in Resources */ = {isa = PBXBuildFile; fileRef = 63E4D7961B1EF10A009912B1 /* Main.storyboard */; };
		63E4D7A41B1EF10A009912B1 /* NSPresentationOptionsExampleTests.swift in Sources */ = {isa = PBXBuildFile; fileRef = 63E4D7A31B1EF10A009912B1 /* NSPresentationOptionsExampleTests.swift */; };
		63E4D7B21B1F06E1009912B1 /* image.jpg in Resources */ = {isa = PBXBuildFile; fileRef = 63E4D7B11B1F06E1009912B1 /* image.jpg */; };
/* End PBXBuildFile section */

/* Begin PBXContainerItemProxy section */
		63E4D79E1B1EF10A009912B1 /* PBXContainerItemProxy */ = {
			isa = PBXContainerItemProxy;
			containerPortal = 63E4D7831B1EF10A009912B1 /* Project object */;
			proxyType = 1;
			remoteGlobalIDString = 63E4D78A1B1EF10A009912B1;
			remoteInfo = NSPresentationOptionsExample;
		};
/* End PBXContainerItemProxy section */

/* Begin PBXFileReference section */
		63E4D78B1B1EF10A009912B1 /* NSPresentationOptionsExample.app */ = {isa = PBXFileReference; explicitFileType = wrapper.application; includeInIndex = 0; path = NSPresentationOptionsExample.app; sourceTree = BUILT_PRODUCTS_DIR; };
		63E4D78F1B1EF10A009912B1 /* Info.plist */ = {isa = PBXFileReference; lastKnownFileType = text.plist.xml; path = Info.plist; sourceTree = "<group>"; };
		63E4D7901B1EF10A009912B1 /* AppDelegate.swift */ = {isa = PBXFileReference; lastKnownFileType = sourcecode.swift; path = AppDelegate.swift; sourceTree = "<group>"; };
		63E4D7921B1EF10A009912B1 /* ViewController.swift */ = {isa = PBXFileReference; lastKnownFileType = sourcecode.swift; path = ViewController.swift; sourceTree = "<group>"; };
		63E4D7941B1EF10A009912B1 /* Images.xcassets */ = {isa = PBXFileReference; lastKnownFileType = folder.assetcatalog; path = Images.xcassets; sourceTree = "<group>"; };
		63E4D7971B1EF10A009912B1 /* Base */ = {isa = PBXFileReference; lastKnownFileType = file.storyboard; name = Base; path = Base.lproj/Main.storyboard; sourceTree = "<group>"; };
		63E4D79D1B1EF10A009912B1 /* NSPresentationOptionsExampleTests.xctest */ = {isa = PBXFileReference; explicitFileType = wrapper.cfbundle; includeInIndex = 0; path = NSPresentationOptionsExampleTests.xctest; sourceTree = BUILT_PRODUCTS_DIR; };
		63E4D7A21B1EF10A009912B1 /* Info.plist */ = {isa = PBXFileReference; lastKnownFileType = text.plist.xml; path = Info.plist; sourceTree = "<group>"; };
		63E4D7A31B1EF10A009912B1 /* NSPresentationOptionsExampleTests.swift */ = {isa = PBXFileReference; lastKnownFileType = sourcecode.swift; path = NSPresentationOptionsExampleTests.swift; sourceTree = "<group>"; };
		63E4D7B11B1F06E1009912B1 /* image.jpg */ = {isa = PBXFileReference; lastKnownFileType = image.jpeg; path = image.jpg; sourceTree = "<group>"; };
/* End PBXFileReference section */

/* Begin PBXFrameworksBuildPhase section */
		63E4D7881B1EF10A009912B1 /* Frameworks */ = {
			isa = PBXFrameworksBuildPhase;
			buildActionMask = 2147483647;
			files = (
			);
			runOnlyForDeploymentPostprocessing = 0;
		};
		63E4D79A1B1EF10A009912B1 /* Frameworks */ = {
			isa = PBXFrameworksBuildPhase;
			buildActionMask = 2147483647;
			files = (
			);
			runOnlyForDeploymentPostprocessing = 0;
		};
/* End PBXFrameworksBuildPhase section */

/* Begin PBXGroup section */
		63E4D7821B1EF10A009912B1 = {
			isa = PBXGroup;
			children = (
				63E4D78D1B1EF10A009912B1 /* NSPresentationOptionsExample */,
				63E4D7A01B1EF10A009912B1 /* NSPresentationOptionsExampleTests */,
				63E4D78C1B1EF10A009912B1 /* Products */,
			);
			sourceTree = "<group>";
		};
		63E4D78C1B1EF10A009912B1 /* Products */ = {
			isa = PBXGroup;
			children = (
				63E4D78B1B1EF10A009912B1 /* NSPresentationOptionsExample.app */,
				63E4D79D1B1EF10A009912B1 /* NSPresentationOptionsExampleTests.xctest */,
			);
			name = Products;
			sourceTree = "<group>";
		};
		63E4D78D1B1EF10A009912B1 /* NSPresentationOptionsExample */ = {
			isa = PBXGroup;
			children = (
				63E4D7901B1EF10A009912B1 /* AppDelegate.swift */,
				63E4D7921B1EF10A009912B1 /* ViewController.swift */,
				63E4D7941B1EF10A009912B1 /* Images.xcassets */,
				63E4D7B11B1F06E1009912B1 /* image.jpg */,
				63E4D7961B1EF10A009912B1 /* Main.storyboard */,
				63E4D78E1B1EF10A009912B1 /* Supporting Files */,
			);
			path = NSPresentationOptionsExample;
			sourceTree = "<group>";
		};
		63E4D78E1B1EF10A009912B1 /* Supporting Files */ = {
			isa = PBXGroup;
			children = (
				63E4D78F1B1EF10A009912B1 /* Info.plist */,
			);
			name = "Supporting Files";
			sourceTree = "<group>";
		};
		63E4D7A01B1EF10A009912B1 /* NSPresentationOptionsExampleTests */ = {
			isa = PBXGroup;
			children = (
				63E4D7A31B1EF10A009912B1 /* NSPresentationOptionsExampleTests.swift */,
				63E4D7A11B1EF10A009912B1 /* Supporting Files */,
			);
			path = NSPresentationOptionsExampleTests;
			sourceTree = "<group>";
		};
		63E4D7A11B1EF10A009912B1 /* Supporting Files */ = {
			isa = PBXGroup;
			children = (
				63E4D7A21B1EF10A009912B1 /* Info.plist */,
			);
			name = "Supporting Files";
			sourceTree = "<group>";
		};
/* End PBXGroup section */

/* Begin PBXNativeTarget section */
		63E4D78A1B1EF10A009912B1 /* NSPresentationOptionsExample */ = {
			isa = PBXNativeTarget;
			buildConfigurationList = 63E4D7A71B1EF10A009912B1 /* Build configuration list for PBXNativeTarget "NSPresentationOptionsExample" */;
			buildPhases = (
				63E4D7871B1EF10A009912B1 /* Sources */,
				63E4D7881B1EF10A009912B1 /* Frameworks */,
				63E4D7891B1EF10A009912B1 /* Resources */,
			);
			buildRules = (
			);
			dependencies = (
			);
			name = NSPresentationOptionsExample;
			productName = NSPresentationOptionsExample;
			productReference = 63E4D78B1B1EF10A009912B1 /* NSPresentationOptionsExample.app */;
			productType = "com.apple.product-type.application";
		};
		63E4D79C1B1EF10A009912B1 /* NSPresentationOptionsExampleTests */ = {
			isa = PBXNativeTarget;
			buildConfigurationList = 63E4D7AA1B1EF10A009912B1 /* Build configuration list for PBXNativeTarget "NSPresentationOptionsExampleTests" */;
			buildPhases = (
				63E4D7991B1EF10A009912B1 /* Sources */,
				63E4D79A1B1EF10A009912B1 /* Frameworks */,
				63E4D79B1B1EF10A009912B1 /* Resources */,
			);
			buildRules = (
			);
			dependencies = (
				63E4D79F1B1EF10A009912B1 /* PBXTargetDependency */,
			);
			name = NSPresentationOptionsExampleTests;
			productName = NSPresentationOptionsExampleTests;
			productReference = 63E4D79D1B1EF10A009912B1 /* NSPresentationOptionsExampleTests.xctest */;
			productType = "com.apple.product-type.bundle.unit-test";
		};
/* End PBXNativeTarget section */

/* Begin PBXProject section */
		63E4D7831B1EF10A009912B1 /* Project object */ = {
			isa = PBXProject;
			attributes = {
				LastUpgradeCheck = 0630;
				ORGANIZATIONNAME = "David Haylock";
				TargetAttributes = {
					63E4D78A1B1EF10A009912B1 = {
						CreatedOnToolsVersion = 6.3.2;
					};
					63E4D79C1B1EF10A009912B1 = {
						CreatedOnToolsVersion = 6.3.2;
						TestTargetID = 63E4D78A1B1EF10A009912B1;
					};
				};
			};
			buildConfigurationList = 63E4D7861B1EF10A009912B1 /* Build configuration list for PBXProject "NSPresentationOptionsExample" */;
			compatibilityVersion = "Xcode 3.2";
			developmentRegion = English;
			hasScannedForEncodings = 0;
			knownRegions = (
				en,
				Base,
			);
			mainGroup = 63E4D7821B1EF10A009912B1;
			productRefGroup = 63E4D78C1B1EF10A009912B1 /* Products */;
			projectDirPath = "";
			projectRoot = "";
			targets = (
				63E4D78A1B1EF10A009912B1 /* NSPresentationOptionsExample */,
				63E4D79C1B1EF10A009912B1 /* NSPresentationOptionsExampleTests */,
			);
		};
/* End PBXProject section */

/* Begin PBXResourcesBuildPhase section */
		63E4D7891B1EF10A009912B1 /* Resources */ = {
			isa = PBXResourcesBuildPhase;
			buildActionMask = 2147483647;
			files = (
				63E4D7951B1EF10A009912B1 /* Images.xcassets in Resources */,
				63E4D7981B1EF10A009912B1 /* Main.storyboard in Resources */,
				63E4D7B21B1F06E1009912B1 /* image.jpg in Resources */,
			);
			runOnlyForDeploymentPostprocessing = 0;
		};
		63E4D79B1B1EF10A009912B1 /* Resources */ = {
			isa = PBXResourcesBuildPhase;
			buildActionMask = 2147483647;
			files = (
			);
			runOnlyForDeploymentPostprocessing = 0;
		};
/* End PBXResourcesBuildPhase section */

/* Begin PBXSourcesBuildPhase section */
		63E4D7871B1EF10A009912B1 /* Sources */ = {
			isa = PBXSourcesBuildPhase;
			buildActionMask = 2147483647;
			files = (
				63E4D7931B1EF10A009912B1 /* ViewController.swift in Sources */,
				63E4D7911B1EF10A009912B1 /* AppDelegate.swift in Sources */,
			);
			runOnlyForDeploymentPostprocessing = 0;
		};
		63E4D7991B1EF10A009912B1 /* Sources */ = {
			isa = PBXSourcesBuildPhase;
			buildActionMask = 2147483647;
			files = (
				63E4D7A41B1EF10A009912B1 /* NSPresentationOptionsExampleTests.swift in Sources */,
			);
			runOnlyForDeploymentPostprocessing = 0;
		};
/* End PBXSourcesBuildPhase section */

/* Begin PBXTargetDependency section */
		63E4D79F1B1EF10A009912B1 /* PBXTargetDependency */ = {
			isa = PBXTargetDependency;
			target = 63E4D78A1B1EF10A009912B1 /* NSPresentationOptionsExample */;
			targetProxy = 63E4D79E1B1EF10A009912B1 /* PBXContainerItemProxy */;
		};
/* End PBXTargetDependency section */

/* Begin PBXVariantGroup section */
		63E4D7961B1EF10A009912B1 /* Main.storyboard */ = {
			isa = PBXVariantGroup;
			children = (
				63E4D7971B1EF10A009912B1 /* Base */,
			);
			name = Main.storyboard;
			sourceTree = "<group>";
		};
/* End PBXVariantGroup section */

/* Begin XCBuildConfiguration section */
		63E4D7A51B1EF10A009912B1 /* Debug */ = {
			isa = XCBuildConfiguration;
			buildSettings = {
				ALWAYS_SEARCH_USER_PATHS = NO;
				CLANG_CXX_LANGUAGE_STANDARD = "gnu++0x";
				CLANG_CXX_LIBRARY = "libc++";
				CLANG_ENABLE_MODULES = YES;
				CLANG_ENABLE_OBJC_ARC = YES;
				CLANG_WARN_BOOL_CONVERSION = YES;
				CLANG_WARN_CONSTANT_CONVERSION = YES;
				CLANG_WARN_DIRECT_OBJC_ISA_USAGE = YES_ERROR;
				CLANG_WARN_EMPTY_BODY = YES;
				CLANG_WARN_ENUM_CONVERSION = YES;
				CLANG_WARN_INT_CONVERSION = YES;
				CLANG_WARN_OBJC_ROOT_CLASS = YES_ERROR;
				CLANG_WARN_UNREACHABLE_CODE = YES;
				CLANG_WARN__DUPLICATE_METHOD_MATCH = YES;
				CODE_SIGN_IDENTITY = "-";
				COPY_PHASE_STRIP = NO;
				DEBUG_INFORMATION_FORMAT = dwarf;
				ENABLE_STRICT_OBJC_MSGSEND = YES;
				GCC_C_LANGUAGE_STANDARD = gnu99;
				GCC_DYNAMIC_NO_PIC = NO;
				GCC_NO_COMMON_BLOCKS = YES;
				GCC_OPTIMIZATION_LEVEL = 0;
				GCC_PREPROCESSOR_DEFINITIONS = (
					"DEBUG=1",
					"$(inherited)",
				);
				GCC_SYMBOLS_PRIVATE_EXTERN = NO;
				GCC_WARN_64_TO_32_BIT_CONVERSION = YES;
				GCC_WARN_ABOUT_RETURN_TYPE = YES_ERROR;
				GCC_WARN_UNDECLARED_SELECTOR = YES;
				GCC_WARN_UNINITIALIZED_AUTOS = YES_AGGRESSIVE;
				GCC_WARN_UNUSED_FUNCTION = YES;
				GCC_WARN_UNUSED_VARIABLE = YES;
				MACOSX_DEPLOYMENT_TARGET = 10.10;
				MTL_ENABLE_DEBUG_INFO = YES;
				ONLY_ACTIVE_ARCH = YES;
				SDKROOT = macosx;
				SWIFT_OPTIMIZATION_LEVEL = "-Onone";
			};
			name = Debug;
		};
		63E4D7A61B1EF10A009912B1 /* Release */ = {
			isa = XCBuildConfiguration;
			buildSettings = {
				ALWAYS_SEARCH_USER_PATHS = NO;
				CLANG_CXX_LANGUAGE_STANDARD = "gnu++0x";
				CLANG_CXX_LIBRARY = "libc++";
				CLANG_ENABLE_MODULES = YES;
				CLANG_ENABLE_OBJC_ARC = YES;
				CLANG_WARN_BOOL_CONVERSION = YES;
				CLANG_WARN_CONSTANT_CONVERSION = YES;
				CLANG_WARN_DIRECT_OBJC_ISA_USAGE = YES_ERROR;
				CLANG_WARN_EMPTY_BODY = YES;
				CLANG_WARN_ENUM_CONVERSION = YES;
				CLANG_WARN_INT_CONVERSION = YES;
				CLANG_WARN_OBJC_ROOT_CLASS = YES_ERROR;
				CLANG_WARN_UNREACHABLE_CODE = YES;
				CLANG_WARN__DUPLICATE_METHOD_MATCH = YES;
				CODE_SIGN_IDENTITY = "-";
				COPY_PHASE_STRIP = NO;
				DEBUG_INFORMATION_FORMAT = "dwarf-with-dsym";
				ENABLE_NS_ASSERTIONS = NO;
				ENABLE_STRICT_OBJC_MSGSEND = YES;
				GCC_C_LANGUAGE_STANDARD = gnu99;
				GCC_NO_COMMON_BLOCKS = YES;
				GCC_WARN_64_TO_32_BIT_CONVERSION = YES;
				GCC_WARN_ABOUT_RETURN_TYPE = YES_ERROR;
				GCC_WARN_UNDECLARED_SELECTOR = YES;
				GCC_WARN_UNINITIALIZED_AUTOS = YES_AGGRESSIVE;
				GCC_WARN_UNUSED_FUNCTION = YES;
				GCC_WARN_UNUSED_VARIABLE = YES;
				MACOSX_DEPLOYMENT_TARGET = 10.10;
				MTL_ENABLE_DEBUG_INFO = NO;
				SDKROOT = macosx;
			};
			name = Release;
		};
		63E4D7A81B1EF10A009912B1 /* Debug */ = {
			isa = XCBuildConfiguration;
			buildSettings = {
				ASSETCATALOG_COMPILER_APPICON_NAME = AppIcon;
				COMBINE_HIDPI_IMAGES = YES;
				INFOPLIST_FILE = NSPresentationOptionsExample/Info.plist;
				LD_RUNPATH_SEARCH_PATHS = "$(inherited) @executable_path/../Frameworks";
				PRODUCT_NAME = "$(TARGET_NAME)";
			};
			name = Debug;
		};
		63E4D7A91B1EF10A009912B1 /* Release */ = {
			isa = XCBuildConfiguration;
			buildSettings = {
				ASSETCATALOG_COMPILER_APPICON_NAME = AppIcon;
				COMBINE_HIDPI_IMAGES = YES;
				INFOPLIST_FILE = NSPresentationOptionsExample/Info.plist;
				LD_RUNPATH_SEARCH_PATHS = "$(inherited) @executable_path/../Frameworks";
				PRODUCT_NAME = "$(TARGET_NAME)";
			};
			name = Release;
		};
		63E4D7AB1B1EF10A009912B1 /* Debug */ = {
			isa = XCBuildConfiguration;
			buildSettings = {
				BUNDLE_LOADER = "$(TEST_HOST)";
				COMBINE_HIDPI_IMAGES = YES;
				FRAMEWORK_SEARCH_PATHS = (
					"$(DEVELOPER_FRAMEWORKS_DIR)",
					"$(inherited)",
				);
				GCC_PREPROCESSOR_DEFINITIONS = (
					"DEBUG=1",
					"$(inherited)",
				);
				INFOPLIST_FILE = NSPresentationOptionsExampleTests/Info.plist;
				LD_RUNPATH_SEARCH_PATHS = "$(inherited) @executable_path/../Frameworks @loader_path/../Frameworks";
				PRODUCT_NAME = "$(TARGET_NAME)";
				TEST_HOST = "$(BUILT_PRODUCTS_DIR)/NSPresentationOptionsExample.app/Contents/MacOS/NSPresentationOptionsExample";
			};
			name = Debug;
		};
		63E4D7AC1B1EF10A009912B1 /* Release */ = {
			isa = XCBuildConfiguration;
			buildSettings = {
				BUNDLE_LOADER = "$(TEST_HOST)";
				COMBINE_HIDPI_IMAGES = YES;
				FRAMEWORK_SEARCH_PATHS = (
					"$(DEVELOPER_FRAMEWORKS_DIR)",
					"$(inherited)",
				);
				INFOPLIST_FILE = NSPresentationOptionsExampleTests/Info.plist;
				LD_RUNPATH_SEARCH_PATHS = "$(inherited) @executable_path/../Frameworks @loader_path/../Frameworks";
				PRODUCT_NAME = "$(TARGET_NAME)";
				TEST_HOST = "$(BUILT_PRODUCTS_DIR)/NSPresentationOptionsExample.app/Contents/MacOS/NSPresentationOptionsExample";
			};
			name = Release;
		};
/* End XCBuildConfiguration section */

/* Begin XCConfigurationList section */
		63E4D7861B1EF10A009912B1 /* Build configuration list for PBXProject "NSPresentationOptionsExample" */ = {
			isa = XCConfigurationList;
			buildConfigurations = (
				63E4D7A51B1EF10A009912B1 /* Debug */,
				63E4D7A61B1EF10A009912B1 /* Release */,
			);
			defaultConfigurationIsVisible = 0;
			defaultConfigurationName = Release;
		};
		63E4D7A71B1EF10A009912B1 /* Build configuration list for PBXNativeTarget "NSPresentationOptionsExample" */ = {
			isa = XCConfigurationList;
			buildConfigurations = (
				63E4D7A81B1EF10A009912B1 /* Debug */,
				63E4D7A91B1EF10A009912B1 /* Release */,
			);
			defaultConfigurationIsVisible = 0;
		};
		63E4D7AA1B1EF10A009912B1 /* Build configuration list for PBXNativeTarget "NSPresentationOptionsExampleTests" */ = {
			isa = XCConfigurationList;
			buildConfigurations = (
				63E4D7AB1B1EF10A009912B1 /* Debug */,
				63E4D7AC1B1EF10A009912B1 /* Release */,
			);
			defaultConfigurationIsVisible = 0;
		};
/* End XCConfigurationList section */
	};
	rootObject = 63E4D7831B1EF10A009912B1 /* Project object */;
}
